// !$*UTF8*$!
{
	archiveVersion = 1;
	classes = {
	};
	objectVersion = 56;
	objects = {

/* Begin PBXBuildFile section */
		782FF0292C25CA3B00B1AB2F /* App622App.swift in Sources */ = {isa = PBXBuildFile; fileRef = 782FF0282C25CA3B00B1AB2F /* App622App.swift */; };
		782FF02B2C25CA3B00B1AB2F /* ContentView.swift in Sources */ = {isa = PBXBuildFile; fileRef = 782FF02A2C25CA3B00B1AB2F /* ContentView.swift */; };
		782FF02D2C25CA3C00B1AB2F /* Assets.xcassets in Resources */ = {isa = PBXBuildFile; fileRef = 782FF02C2C25CA3C00B1AB2F /* Assets.xcassets */; };
		782FF0312C25CA3C00B1AB2F /* Preview Assets.xcassets in Resources */ = {isa = PBXBuildFile; fileRef = 782FF0302C25CA3C00B1AB2F /* Preview Assets.xcassets */; };
		782FF0412C281D8D00B1AB2F /* Launch Screen.storyboard in Resources */ = {isa = PBXBuildFile; fileRef = 782FF0402C281D8D00B1AB2F /* Launch Screen.storyboard */; };
		782FF0432C281D9500B1AB2F /* LadingView.swift in Sources */ = {isa = PBXBuildFile; fileRef = 782FF0422C281D9500B1AB2F /* LadingView.swift */; };
		782FF0452C281D9A00B1AB2F /* R1.swift in Sources */ = {isa = PBXBuildFile; fileRef = 782FF0442C281D9A00B1AB2F /* R1.swift */; };
		782FF0472C281D9F00B1AB2F /* R2.swift in Sources */ = {isa = PBXBuildFile; fileRef = 782FF0462C281D9F00B1AB2F /* R2.swift */; };
		782FF0492C281DA400B1AB2F /* U1.swift in Sources */ = {isa = PBXBuildFile; fileRef = 782FF0482C281DA400B1AB2F /* U1.swift */; };
		782FF04B2C281DAA00B1AB2F /* U2.swift in Sources */ = {isa = PBXBuildFile; fileRef = 782FF04A2C281DAA00B1AB2F /* U2.swift */; };
		782FF04D2C281DAF00B1AB2F /* U3.swift in Sources */ = {isa = PBXBuildFile; fileRef = 782FF04C2C281DAF00B1AB2F /* U3.swift */; };
		782FF04F2C299A0400B1AB2F /* CoreDataStack.swift in Sources */ = {isa = PBXBuildFile; fileRef = 782FF04E2C299A0400B1AB2F /* CoreDataStack.swift */; };
		782FF0512C299A0A00B1AB2F /* Array.swift in Sources */ = {isa = PBXBuildFile; fileRef = 782FF0502C299A0A00B1AB2F /* Array.swift */; };
		782FF0542C299A1400B1AB2F /* CoreModel.xcdatamodeld in Sources */ = {isa = PBXBuildFile; fileRef = 782FF0522C299A1400B1AB2F /* CoreModel.xcdatamodeld */; };
		782FF0562C299A1F00B1AB2F /* TabBar.swift in Sources */ = {isa = PBXBuildFile; fileRef = 782FF0552C299A1F00B1AB2F /* TabBar.swift */; };
		782FF05C2C299A5C00B1AB2F /* CommandsView.swift in Sources */ = {isa = PBXBuildFile; fileRef = 782FF05B2C299A5C00B1AB2F /* CommandsView.swift */; };
		782FF05E2C299A6400B1AB2F /* MatchesView.swift in Sources */ = {isa = PBXBuildFile; fileRef = 782FF05D2C299A6300B1AB2F /* MatchesView.swift */; };
		782FF0602C299A6C00B1AB2F /* TrainingView.swift in Sources */ = {isa = PBXBuildFile; fileRef = 782FF05F2C299A6C00B1AB2F /* TrainingView.swift */; };
		782FF0622C299A7300B1AB2F /* SettingsView.swift in Sources */ = {isa = PBXBuildFile; fileRef = 782FF0612C299A7300B1AB2F /* SettingsView.swift */; };
		782FF0642C29ABEB00B1AB2F /* CommandsViewModel.swift in Sources */ = {isa = PBXBuildFile; fileRef = 782FF0632C29ABEB00B1AB2F /* CommandsViewModel.swift */; };
		782FF0662C29ABF700B1AB2F /* MatchesViewModel.swift in Sources */ = {isa = PBXBuildFile; fileRef = 782FF0652C29ABF700B1AB2F /* MatchesViewModel.swift */; };
		782FF0682C29AC0000B1AB2F /* TrainingViewModel.swift in Sources */ = {isa = PBXBuildFile; fileRef = 782FF0672C29AC0000B1AB2F /* TrainingViewModel.swift */; };
		782FF06B2C29E09700B1AB2F /* AddComand.swift in Sources */ = {isa = PBXBuildFile; fileRef = 782FF06A2C29E09700B1AB2F /* AddComand.swift */; };
		782FF06E2C2A1CF800B1AB2F /* ComandDetail.swift in Sources */ = {isa = PBXBuildFile; fileRef = 782FF06D2C2A1CF800B1AB2F /* ComandDetail.swift */; };
		782FF0712C2A1EFA00B1AB2F /* AddMatch.swift in Sources */ = {isa = PBXBuildFile; fileRef = 782FF0702C2A1EFA00B1AB2F /* AddMatch.swift */; };
		782FF0742C2ABB9F00B1AB2F /* AddTraining.swift in Sources */ = {isa = PBXBuildFile; fileRef = 782FF0732C2ABB9F00B1AB2F /* AddTraining.swift */; };
		7853FCCC2C3C057F00956529 /* s.swift in Sources */ = {isa = PBXBuildFile; fileRef = 7853FCCB2C3C057F00956529 /* s.swift */; };
		7853FCCE2C3C058500956529 /* d.swift in Sources */ = {isa = PBXBuildFile; fileRef = 7853FCCD2C3C058500956529 /* d.swift */; };
		7853FCD02C3C058B00956529 /* w.swift in Sources */ = {isa = PBXBuildFile; fileRef = 7853FCCF2C3C058B00956529 /* w.swift */; };
		7853FCD32C3C05DC00956529 /* YandexMobileMetrica in Frameworks */ = {isa = PBXBuildFile; productRef = 7853FCD22C3C05DC00956529 /* YandexMobileMetrica */; };
		7853FCD52C3C05DC00956529 /* YandexMobileMetricaCrashes in Frameworks */ = {isa = PBXBuildFile; productRef = 7853FCD42C3C05DC00956529 /* YandexMobileMetricaCrashes */; };
		7853FCD82C3C05E500956529 /* ApphudSDK in Frameworks */ = {isa = PBXBuildFile; productRef = 7853FCD72C3C05E500956529 /* ApphudSDK */; };
/* End PBXBuildFile section */

/* Begin PBXFileReference section */
		782FF0252C25CA3B00B1AB2F /* App622.app */ = {isa = PBXFileReference; explicitFileType = wrapper.application; includeInIndex = 0; path = App622.app; sourceTree = BUILT_PRODUCTS_DIR; };
		782FF0282C25CA3B00B1AB2F /* App622App.swift */ = {isa = PBXFileReference; lastKnownFileType = sourcecode.swift; path = App622App.swift; sourceTree = "<group>"; };
		782FF02A2C25CA3B00B1AB2F /* ContentView.swift */ = {isa = PBXFileReference; lastKnownFileType = sourcecode.swift; path = ContentView.swift; sourceTree = "<group>"; };
		782FF02C2C25CA3C00B1AB2F /* Assets.xcassets */ = {isa = PBXFileReference; lastKnownFileType = folder.assetcatalog; path = Assets.xcassets; sourceTree = "<group>"; };
		782FF02E2C25CA3C00B1AB2F /* App622.entitlements */ = {isa = PBXFileReference; lastKnownFileType = text.plist.entitlements; path = App622.entitlements; sourceTree = "<group>"; };
		782FF0302C25CA3C00B1AB2F /* Preview Assets.xcassets */ = {isa = PBXFileReference; lastKnownFileType = folder.assetcatalog; path = "Preview Assets.xcassets"; sourceTree = "<group>"; };
		782FF0402C281D8D00B1AB2F /* Launch Screen.storyboard */ = {isa = PBXFileReference; lastKnownFileType = file.storyboard; path = "Launch Screen.storyboard"; sourceTree = "<group>"; };
		782FF0422C281D9500B1AB2F /* LadingView.swift */ = {isa = PBXFileReference; lastKnownFileType = sourcecode.swift; path = LadingView.swift; sourceTree = "<group>"; };
		782FF0442C281D9A00B1AB2F /* R1.swift */ = {isa = PBXFileReference; lastKnownFileType = sourcecode.swift; path = R1.swift; sourceTree = "<group>"; };
		782FF0462C281D9F00B1AB2F /* R2.swift */ = {isa = PBXFileReference; lastKnownFileType = sourcecode.swift; path = R2.swift; sourceTree = "<group>"; };
		782FF0482C281DA400B1AB2F /* U1.swift */ = {isa = PBXFileReference; lastKnownFileType = sourcecode.swift; path = U1.swift; sourceTree = "<group>"; };
		782FF04A2C281DAA00B1AB2F /* U2.swift */ = {isa = PBXFileReference; lastKnownFileType = sourcecode.swift; path = U2.swift; sourceTree = "<group>"; };
		782FF04C2C281DAF00B1AB2F /* U3.swift */ = {isa = PBXFileReference; lastKnownFileType = sourcecode.swift; path = U3.swift; sourceTree = "<group>"; };
		782FF04E2C299A0400B1AB2F /* CoreDataStack.swift */ = {isa = PBXFileReference; lastKnownFileType = sourcecode.swift; path = CoreDataStack.swift; sourceTree = "<group>"; };
		782FF0502C299A0A00B1AB2F /* Array.swift */ = {isa = PBXFileReference; lastKnownFileType = sourcecode.swift; path = Array.swift; sourceTree = "<group>"; };
		782FF0532C299A1400B1AB2F /* CoreModel.xcdatamodel */ = {isa = PBXFileReference; lastKnownFileType = wrapper.xcdatamodel; path = CoreModel.xcdatamodel; sourceTree = "<group>"; };
		782FF0552C299A1F00B1AB2F /* TabBar.swift */ = {isa = PBXFileReference; lastKnownFileType = sourcecode.swift; path = TabBar.swift; sourceTree = "<group>"; };
		782FF05B2C299A5C00B1AB2F /* CommandsView.swift */ = {isa = PBXFileReference; lastKnownFileType = sourcecode.swift; path = CommandsView.swift; sourceTree = "<group>"; };
		782FF05D2C299A6300B1AB2F /* MatchesView.swift */ = {isa = PBXFileReference; lastKnownFileType = sourcecode.swift; path = MatchesView.swift; sourceTree = "<group>"; };
		782FF05F2C299A6C00B1AB2F /* TrainingView.swift */ = {isa = PBXFileReference; lastKnownFileType = sourcecode.swift; path = TrainingView.swift; sourceTree = "<group>"; };
		782FF0612C299A7300B1AB2F /* SettingsView.swift */ = {isa = PBXFileReference; lastKnownFileType = sourcecode.swift; path = SettingsView.swift; sourceTree = "<group>"; };
		782FF0632C29ABEB00B1AB2F /* CommandsViewModel.swift */ = {isa = PBXFileReference; lastKnownFileType = sourcecode.swift; path = CommandsViewModel.swift; sourceTree = "<group>"; };
		782FF0652C29ABF700B1AB2F /* MatchesViewModel.swift */ = {isa = PBXFileReference; lastKnownFileType = sourcecode.swift; path = MatchesViewModel.swift; sourceTree = "<group>"; };
		782FF0672C29AC0000B1AB2F /* TrainingViewModel.swift */ = {isa = PBXFileReference; lastKnownFileType = sourcecode.swift; path = TrainingViewModel.swift; sourceTree = "<group>"; };
		782FF06A2C29E09700B1AB2F /* AddComand.swift */ = {isa = PBXFileReference; lastKnownFileType = sourcecode.swift; path = AddComand.swift; sourceTree = "<group>"; };
		782FF06D2C2A1CF800B1AB2F /* ComandDetail.swift */ = {isa = PBXFileReference; lastKnownFileType = sourcecode.swift; path = ComandDetail.swift; sourceTree = "<group>"; };
		782FF0702C2A1EFA00B1AB2F /* AddMatch.swift */ = {isa = PBXFileReference; lastKnownFileType = sourcecode.swift; path = AddMatch.swift; sourceTree = "<group>"; };
		782FF0732C2ABB9F00B1AB2F /* AddTraining.swift */ = {isa = PBXFileReference; lastKnownFileType = sourcecode.swift; path = AddTraining.swift; sourceTree = "<group>"; };
		7853FCCB2C3C057F00956529 /* s.swift */ = {isa = PBXFileReference; lastKnownFileType = sourcecode.swift; path = s.swift; sourceTree = "<group>"; };
		7853FCCD2C3C058500956529 /* d.swift */ = {isa = PBXFileReference; lastKnownFileType = sourcecode.swift; path = d.swift; sourceTree = "<group>"; };
		7853FCCF2C3C058B00956529 /* w.swift */ = {isa = PBXFileReference; lastKnownFileType = sourcecode.swift; path = w.swift; sourceTree = "<group>"; };
/* End PBXFileReference section */

/* Begin PBXFrameworksBuildPhase section */
		782FF0222C25CA3B00B1AB2F /* Frameworks */ = {
			isa = PBXFrameworksBuildPhase;
			buildActionMask = 2147483647;
			files = (
				7853FCD82C3C05E500956529 /* ApphudSDK in Frameworks */,
				7853FCD32C3C05DC00956529 /* YandexMobileMetrica in Frameworks */,
				7853FCD52C3C05DC00956529 /* YandexMobileMetricaCrashes in Frameworks */,
			);
			runOnlyForDeploymentPostprocessing = 0;
		};
/* End PBXFrameworksBuildPhase section */

/* Begin PBXGroup section */
		782FF01C2C25CA3B00B1AB2F = {
			isa = PBXGroup;
			children = (
				782FF0272C25CA3B00B1AB2F /* App622 */,
				782FF0262C25CA3B00B1AB2F /* Products */,
			);
			sourceTree = "<group>";
		};
		782FF0262C25CA3B00B1AB2F /* Products */ = {
			isa = PBXGroup;
			children = (
				782FF0252C25CA3B00B1AB2F /* App622.app */,
			);
			name = Products;
			sourceTree = "<group>";
		};
		782FF0272C25CA3B00B1AB2F /* App622 */ = {
			isa = PBXGroup;
			children = (
				782FF0372C281B7200B1AB2F /* proj */,
				782FF0282C25CA3B00B1AB2F /* App622App.swift */,
				782FF02A2C25CA3B00B1AB2F /* ContentView.swift */,
				782FF02C2C25CA3C00B1AB2F /* Assets.xcassets */,
				782FF02E2C25CA3C00B1AB2F /* App622.entitlements */,
				782FF02F2C25CA3C00B1AB2F /* Preview Content */,
			);
			path = App622;
			sourceTree = "<group>";
		};
		782FF02F2C25CA3C00B1AB2F /* Preview Content */ = {
			isa = PBXGroup;
			children = (
				782FF0302C25CA3C00B1AB2F /* Preview Assets.xcassets */,
			);
			path = "Preview Content";
			sourceTree = "<group>";
		};
		782FF0372C281B7200B1AB2F /* proj */ = {
			isa = PBXGroup;
			children = (
				782FF03B2C281D6C00B1AB2F /* Views */,
				782FF03A2C281D6600B1AB2F /* TabBar */,
				782FF0392C281D6200B1AB2F /* Extensions */,
				782FF0382C281D5800B1AB2F /* StartScreens */,
			);
			path = proj;
			sourceTree = "<group>";
		};
		782FF0382C281D5800B1AB2F /* StartScreens */ = {
			isa = PBXGroup;
			children = (
				782FF03F2C281D8100B1AB2F /* Rev */,
				782FF03E2C281D7D00B1AB2F /* User */,
				782FF03D2C281D7800B1AB2F /* Launch */,
				782FF03C2C281D7300B1AB2F /* Loading */,
			);
			path = StartScreens;
			sourceTree = "<group>";
		};
		782FF0392C281D6200B1AB2F /* Extensions */ = {
			isa = PBXGroup;
			children = (
				782FF04E2C299A0400B1AB2F /* CoreDataStack.swift */,
				782FF0502C299A0A00B1AB2F /* Array.swift */,
				782FF0522C299A1400B1AB2F /* CoreModel.xcdatamodeld */,
				7853FCCB2C3C057F00956529 /* s.swift */,
				7853FCCD2C3C058500956529 /* d.swift */,
				7853FCCF2C3C058B00956529 /* w.swift */,
			);
			path = Extensions;
			sourceTree = "<group>";
		};
		782FF03A2C281D6600B1AB2F /* TabBar */ = {
			isa = PBXGroup;
			children = (
				782FF0552C299A1F00B1AB2F /* TabBar.swift */,
			);
			path = TabBar;
			sourceTree = "<group>";
		};
		782FF03B2C281D6C00B1AB2F /* Views */ = {
			isa = PBXGroup;
			children = (
				782FF05A2C299A5100B1AB2F /* Settings */,
				782FF0592C299A4B00B1AB2F /* Training */,
				782FF0582C299A3E00B1AB2F /* Matches */,
				782FF0572C299A2C00B1AB2F /* Commands */,
			);
			path = Views;
			sourceTree = "<group>";
		};
		782FF03C2C281D7300B1AB2F /* Loading */ = {
			isa = PBXGroup;
			children = (
				782FF0422C281D9500B1AB2F /* LadingView.swift */,
			);
			path = Loading;
			sourceTree = "<group>";
		};
		782FF03D2C281D7800B1AB2F /* Launch */ = {
			isa = PBXGroup;
			children = (
				782FF0402C281D8D00B1AB2F /* Launch Screen.storyboard */,
			);
			path = Launch;
			sourceTree = "<group>";
		};
		782FF03E2C281D7D00B1AB2F /* User */ = {
			isa = PBXGroup;
			children = (
				782FF0482C281DA400B1AB2F /* U1.swift */,
				782FF04A2C281DAA00B1AB2F /* U2.swift */,
				782FF04C2C281DAF00B1AB2F /* U3.swift */,
			);
			path = User;
			sourceTree = "<group>";
		};
		782FF03F2C281D8100B1AB2F /* Rev */ = {
			isa = PBXGroup;
			children = (
				782FF0442C281D9A00B1AB2F /* R1.swift */,
				782FF0462C281D9F00B1AB2F /* R2.swift */,
			);
			path = Rev;
			sourceTree = "<group>";
		};
		782FF0572C299A2C00B1AB2F /* Commands */ = {
			isa = PBXGroup;
			children = (
				782FF06C2C2A1CE900B1AB2F /* ComandDetail */,
				782FF0692C29E08B00B1AB2F /* AddComand */,
				782FF05B2C299A5C00B1AB2F /* CommandsView.swift */,
				782FF0632C29ABEB00B1AB2F /* CommandsViewModel.swift */,
			);
			path = Commands;
			sourceTree = "<group>";
		};
		782FF0582C299A3E00B1AB2F /* Matches */ = {
			isa = PBXGroup;
			children = (
				782FF06F2C2A1EF100B1AB2F /* AddMatch */,
				782FF05D2C299A6300B1AB2F /* MatchesView.swift */,
				782FF0652C29ABF700B1AB2F /* MatchesViewModel.swift */,
			);
			path = Matches;
			sourceTree = "<group>";
		};
		782FF0592C299A4B00B1AB2F /* Training */ = {
			isa = PBXGroup;
			children = (
				782FF0722C2ABB9400B1AB2F /* AddTraining */,
				782FF05F2C299A6C00B1AB2F /* TrainingView.swift */,
				782FF0672C29AC0000B1AB2F /* TrainingViewModel.swift */,
			);
			path = Training;
			sourceTree = "<group>";
		};
		782FF05A2C299A5100B1AB2F /* Settings */ = {
			isa = PBXGroup;
			children = (
				782FF0612C299A7300B1AB2F /* SettingsView.swift */,
			);
			path = Settings;
			sourceTree = "<group>";
		};
		782FF0692C29E08B00B1AB2F /* AddComand */ = {
			isa = PBXGroup;
			children = (
				782FF06A2C29E09700B1AB2F /* AddComand.swift */,
			);
			path = AddComand;
			sourceTree = "<group>";
		};
		782FF06C2C2A1CE900B1AB2F /* ComandDetail */ = {
			isa = PBXGroup;
			children = (
				782FF06D2C2A1CF800B1AB2F /* ComandDetail.swift */,
			);
			path = ComandDetail;
			sourceTree = "<group>";
		};
		782FF06F2C2A1EF100B1AB2F /* AddMatch */ = {
			isa = PBXGroup;
			children = (
				782FF0702C2A1EFA00B1AB2F /* AddMatch.swift */,
			);
			path = AddMatch;
			sourceTree = "<group>";
		};
		782FF0722C2ABB9400B1AB2F /* AddTraining */ = {
			isa = PBXGroup;
			children = (
				782FF0732C2ABB9F00B1AB2F /* AddTraining.swift */,
			);
			path = AddTraining;
			sourceTree = "<group>";
		};
/* End PBXGroup section */

/* Begin PBXNativeTarget section */
		782FF0242C25CA3B00B1AB2F /* App622 */ = {
			isa = PBXNativeTarget;
			buildConfigurationList = 782FF0342C25CA3C00B1AB2F /* Build configuration list for PBXNativeTarget "App622" */;
			buildPhases = (
				782FF0212C25CA3B00B1AB2F /* Sources */,
				782FF0222C25CA3B00B1AB2F /* Frameworks */,
				782FF0232C25CA3B00B1AB2F /* Resources */,
			);
			buildRules = (
			);
			dependencies = (
			);
			name = App622;
			packageProductDependencies = (
				7853FCD22C3C05DC00956529 /* YandexMobileMetrica */,
				7853FCD42C3C05DC00956529 /* YandexMobileMetricaCrashes */,
				7853FCD72C3C05E500956529 /* ApphudSDK */,
			);
			productName = App622;
			productReference = 782FF0252C25CA3B00B1AB2F /* App622.app */;
			productType = "com.apple.product-type.application";
		};
/* End PBXNativeTarget section */

/* Begin PBXProject section */
		782FF01D2C25CA3B00B1AB2F /* Project object */ = {
			isa = PBXProject;
			attributes = {
				BuildIndependentTargetsInParallel = 1;
				LastSwiftUpdateCheck = 1540;
				LastUpgradeCheck = 1540;
				TargetAttributes = {
					782FF0242C25CA3B00B1AB2F = {
						CreatedOnToolsVersion = 15.4;
					};
				};
			};
			buildConfigurationList = 782FF0202C25CA3B00B1AB2F /* Build configuration list for PBXProject "App622" */;
			compatibilityVersion = "Xcode 14.0";
			developmentRegion = en;
			hasScannedForEncodings = 0;
			knownRegions = (
				en,
				Base,
			);
			mainGroup = 782FF01C2C25CA3B00B1AB2F;
			packageReferences = (
				7853FCD12C3C05DC00956529 /* XCRemoteSwiftPackageReference "metrica-sdk-ios" */,
				7853FCD62C3C05E500956529 /* XCRemoteSwiftPackageReference "ApphudSDK" */,
			);
			productRefGroup = 782FF0262C25CA3B00B1AB2F /* Products */;
			projectDirPath = "";
			projectRoot = "";
			targets = (
				782FF0242C25CA3B00B1AB2F /* App622 */,
			);
		};
/* End PBXProject section */

/* Begin PBXResourcesBuildPhase section */
		782FF0232C25CA3B00B1AB2F /* Resources */ = {
			isa = PBXResourcesBuildPhase;
			buildActionMask = 2147483647;
			files = (
				782FF0412C281D8D00B1AB2F /* Launch Screen.storyboard in Resources */,
				782FF0312C25CA3C00B1AB2F /* Preview Assets.xcassets in Resources */,
				782FF02D2C25CA3C00B1AB2F /* Assets.xcassets in Resources */,
			);
			runOnlyForDeploymentPostprocessing = 0;
		};
/* End PBXResourcesBuildPhase section */

/* Begin PBXSourcesBuildPhase section */
		782FF0212C25CA3B00B1AB2F /* Sources */ = {
			isa = PBXSourcesBuildPhase;
			buildActionMask = 2147483647;
			files = (
				782FF06E2C2A1CF800B1AB2F /* ComandDetail.swift in Sources */,
				782FF05C2C299A5C00B1AB2F /* CommandsView.swift in Sources */,
				782FF0432C281D9500B1AB2F /* LadingView.swift in Sources */,
				782FF0512C299A0A00B1AB2F /* Array.swift in Sources */,
				782FF0542C299A1400B1AB2F /* CoreModel.xcdatamodeld in Sources */,
				782FF0562C299A1F00B1AB2F /* TabBar.swift in Sources */,
				782FF0742C2ABB9F00B1AB2F /* AddTraining.swift in Sources */,
				782FF06B2C29E09700B1AB2F /* AddComand.swift in Sources */,
				782FF02B2C25CA3B00B1AB2F /* ContentView.swift in Sources */,
				782FF0682C29AC0000B1AB2F /* TrainingViewModel.swift in Sources */,
				782FF0662C29ABF700B1AB2F /* MatchesViewModel.swift in Sources */,
				7853FCCE2C3C058500956529 /* d.swift in Sources */,
				782FF0642C29ABEB00B1AB2F /* CommandsViewModel.swift in Sources */,
				7853FCD02C3C058B00956529 /* w.swift in Sources */,
				782FF0452C281D9A00B1AB2F /* R1.swift in Sources */,
				782FF0602C299A6C00B1AB2F /* TrainingView.swift in Sources */,
				782FF04F2C299A0400B1AB2F /* CoreDataStack.swift in Sources */,
				782FF0622C299A7300B1AB2F /* SettingsView.swift in Sources */,
				782FF05E2C299A6400B1AB2F /* MatchesView.swift in Sources */,
				782FF04D2C281DAF00B1AB2F /* U3.swift in Sources */,
				782FF0472C281D9F00B1AB2F /* R2.swift in Sources */,
				782FF04B2C281DAA00B1AB2F /* U2.swift in Sources */,
				782FF0712C2A1EFA00B1AB2F /* AddMatch.swift in Sources */,
				7853FCCC2C3C057F00956529 /* s.swift in Sources */,
				782FF0292C25CA3B00B1AB2F /* App622App.swift in Sources */,
				782FF0492C281DA400B1AB2F /* U1.swift in Sources */,
			);
			runOnlyForDeploymentPostprocessing = 0;
		};
/* End PBXSourcesBuildPhase section */

/* Begin XCBuildConfiguration section */
		782FF0322C25CA3C00B1AB2F /* Debug */ = {
			isa = XCBuildConfiguration;
			buildSettings = {
				ALWAYS_SEARCH_USER_PATHS = NO;
				ASSETCATALOG_COMPILER_GENERATE_SWIFT_ASSET_SYMBOL_EXTENSIONS = YES;
				CLANG_ANALYZER_NONNULL = YES;
				CLANG_ANALYZER_NUMBER_OBJECT_CONVERSION = YES_AGGRESSIVE;
				CLANG_CXX_LANGUAGE_STANDARD = "gnu++20";
				CLANG_ENABLE_MODULES = YES;
				CLANG_ENABLE_OBJC_ARC = YES;
				CLANG_ENABLE_OBJC_WEAK = YES;
				CLANG_WARN_BLOCK_CAPTURE_AUTORELEASING = YES;
				CLANG_WARN_BOOL_CONVERSION = YES;
				CLANG_WARN_COMMA = YES;
				CLANG_WARN_CONSTANT_CONVERSION = YES;
				CLANG_WARN_DEPRECATED_OBJC_IMPLEMENTATIONS = YES;
				CLANG_WARN_DIRECT_OBJC_ISA_USAGE = YES_ERROR;
				CLANG_WARN_DOCUMENTATION_COMMENTS = YES;
				CLANG_WARN_EMPTY_BODY = YES;
				CLANG_WARN_ENUM_CONVERSION = YES;
				CLANG_WARN_INFINITE_RECURSION = YES;
				CLANG_WARN_INT_CONVERSION = YES;
				CLANG_WARN_NON_LITERAL_NULL_CONVERSION = YES;
				CLANG_WARN_OBJC_IMPLICIT_RETAIN_SELF = YES;
				CLANG_WARN_OBJC_LITERAL_CONVERSION = YES;
				CLANG_WARN_OBJC_ROOT_CLASS = YES_ERROR;
				CLANG_WARN_QUOTED_INCLUDE_IN_FRAMEWORK_HEADER = YES;
				CLANG_WARN_RANGE_LOOP_ANALYSIS = YES;
				CLANG_WARN_STRICT_PROTOTYPES = YES;
				CLANG_WARN_SUSPICIOUS_MOVE = YES;
				CLANG_WARN_UNGUARDED_AVAILABILITY = YES_AGGRESSIVE;
				CLANG_WARN_UNREACHABLE_CODE = YES;
				CLANG_WARN__DUPLICATE_METHOD_MATCH = YES;
				COPY_PHASE_STRIP = NO;
				DEBUG_INFORMATION_FORMAT = dwarf;
				ENABLE_STRICT_OBJC_MSGSEND = YES;
				ENABLE_TESTABILITY = YES;
				ENABLE_USER_SCRIPT_SANDBOXING = YES;
				GCC_C_LANGUAGE_STANDARD = gnu17;
				GCC_DYNAMIC_NO_PIC = NO;
				GCC_NO_COMMON_BLOCKS = YES;
				GCC_OPTIMIZATION_LEVEL = 0;
				GCC_PREPROCESSOR_DEFINITIONS = (
					"DEBUG=1",
					"$(inherited)",
				);
				GCC_WARN_64_TO_32_BIT_CONVERSION = YES;
				GCC_WARN_ABOUT_RETURN_TYPE = YES_ERROR;
				GCC_WARN_UNDECLARED_SELECTOR = YES;
				GCC_WARN_UNINITIALIZED_AUTOS = YES_AGGRESSIVE;
				GCC_WARN_UNUSED_FUNCTION = YES;
				GCC_WARN_UNUSED_VARIABLE = YES;
				LOCALIZATION_PREFERS_STRING_CATALOGS = YES;
				MTL_ENABLE_DEBUG_INFO = INCLUDE_SOURCE;
				MTL_FAST_MATH = YES;
				ONLY_ACTIVE_ARCH = YES;
				SWIFT_ACTIVE_COMPILATION_CONDITIONS = "DEBUG $(inherited)";
				SWIFT_OPTIMIZATION_LEVEL = "-Onone";
			};
			name = Debug;
		};
		782FF0332C25CA3C00B1AB2F /* Release */ = {
			isa = XCBuildConfiguration;
			buildSettings = {
				ALWAYS_SEARCH_USER_PATHS = NO;
				ASSETCATALOG_COMPILER_GENERATE_SWIFT_ASSET_SYMBOL_EXTENSIONS = YES;
				CLANG_ANALYZER_NONNULL = YES;
				CLANG_ANALYZER_NUMBER_OBJECT_CONVERSION = YES_AGGRESSIVE;
				CLANG_CXX_LANGUAGE_STANDARD = "gnu++20";
				CLANG_ENABLE_MODULES = YES;
				CLANG_ENABLE_OBJC_ARC = YES;
				CLANG_ENABLE_OBJC_WEAK = YES;
				CLANG_WARN_BLOCK_CAPTURE_AUTORELEASING = YES;
				CLANG_WARN_BOOL_CONVERSION = YES;
				CLANG_WARN_COMMA = YES;
				CLANG_WARN_CONSTANT_CONVERSION = YES;
				CLANG_WARN_DEPRECATED_OBJC_IMPLEMENTATIONS = YES;
				CLANG_WARN_DIRECT_OBJC_ISA_USAGE = YES_ERROR;
				CLANG_WARN_DOCUMENTATION_COMMENTS = YES;
				CLANG_WARN_EMPTY_BODY = YES;
				CLANG_WARN_ENUM_CONVERSION = YES;
				CLANG_WARN_INFINITE_RECURSION = YES;
				CLANG_WARN_INT_CONVERSION = YES;
				CLANG_WARN_NON_LITERAL_NULL_CONVERSION = YES;
				CLANG_WARN_OBJC_IMPLICIT_RETAIN_SELF = YES;
				CLANG_WARN_OBJC_LITERAL_CONVERSION = YES;
				CLANG_WARN_OBJC_ROOT_CLASS = YES_ERROR;
				CLANG_WARN_QUOTED_INCLUDE_IN_FRAMEWORK_HEADER = YES;
				CLANG_WARN_RANGE_LOOP_ANALYSIS = YES;
				CLANG_WARN_STRICT_PROTOTYPES = YES;
				CLANG_WARN_SUSPICIOUS_MOVE = YES;
				CLANG_WARN_UNGUARDED_AVAILABILITY = YES_AGGRESSIVE;
				CLANG_WARN_UNREACHABLE_CODE = YES;
				CLANG_WARN__DUPLICATE_METHOD_MATCH = YES;
				COPY_PHASE_STRIP = NO;
				DEBUG_INFORMATION_FORMAT = "dwarf-with-dsym";
				ENABLE_NS_ASSERTIONS = NO;
				ENABLE_STRICT_OBJC_MSGSEND = YES;
				ENABLE_USER_SCRIPT_SANDBOXING = YES;
				GCC_C_LANGUAGE_STANDARD = gnu17;
				GCC_NO_COMMON_BLOCKS = YES;
				GCC_WARN_64_TO_32_BIT_CONVERSION = YES;
				GCC_WARN_ABOUT_RETURN_TYPE = YES_ERROR;
				GCC_WARN_UNDECLARED_SELECTOR = YES;
				GCC_WARN_UNINITIALIZED_AUTOS = YES_AGGRESSIVE;
				GCC_WARN_UNUSED_FUNCTION = YES;
				GCC_WARN_UNUSED_VARIABLE = YES;
				LOCALIZATION_PREFERS_STRING_CATALOGS = YES;
				MTL_ENABLE_DEBUG_INFO = NO;
				MTL_FAST_MATH = YES;
				SWIFT_COMPILATION_MODE = wholemodule;
			};
			name = Release;
		};
		782FF0352C25CA3C00B1AB2F /* Debug */ = {
			isa = XCBuildConfiguration;
			buildSettings = {
				ASSETCATALOG_COMPILER_APPICON_NAME = AppIcon;
				ASSETCATALOG_COMPILER_GLOBAL_ACCENT_COLOR_NAME = AccentColor;
				CODE_SIGN_ENTITLEMENTS = App622/App622.entitlements;
				CODE_SIGN_STYLE = Automatic;
				CURRENT_PROJECT_VERSION = 1;
				DEVELOPMENT_ASSET_PATHS = "\"App622/Preview Content\"";
				ENABLE_PREVIEWS = YES;
				GENERATE_INFOPLIST_FILE = YES;
				INFOPLIST_KEY_CFBundleDisplayName = "4rabet Sports.";
				"INFOPLIST_KEY_UIApplicationSceneManifest_Generation[sdk=iphoneos*]" = YES;
				"INFOPLIST_KEY_UIApplicationSceneManifest_Generation[sdk=iphonesimulator*]" = YES;
				"INFOPLIST_KEY_UIApplicationSupportsIndirectInputEvents[sdk=iphoneos*]" = YES;
				"INFOPLIST_KEY_UIApplicationSupportsIndirectInputEvents[sdk=iphonesimulator*]" = YES;
				"INFOPLIST_KEY_UILaunchScreen_Generation[sdk=iphoneos*]" = YES;
				"INFOPLIST_KEY_UILaunchScreen_Generation[sdk=iphonesimulator*]" = YES;
				INFOPLIST_KEY_UILaunchStoryboardName = "Launch Screen.storyboard";
				"INFOPLIST_KEY_UIStatusBarStyle[sdk=iphoneos*]" = UIStatusBarStyleDefault;
				"INFOPLIST_KEY_UIStatusBarStyle[sdk=iphonesimulator*]" = UIStatusBarStyleDefault;
				INFOPLIST_KEY_UISupportedInterfaceOrientations = UIInterfaceOrientationPortrait;
				INFOPLIST_KEY_UISupportedInterfaceOrientations_iPad = "UIInterfaceOrientationLandscapeLeft UIInterfaceOrientationLandscapeRight UIInterfaceOrientationPortrait UIInterfaceOrientationPortraitUpsideDown";
				IPHONEOS_DEPLOYMENT_TARGET = 14.0;
				LD_RUNPATH_SEARCH_PATHS = "@executable_path/Frameworks";
				"LD_RUNPATH_SEARCH_PATHS[sdk=macosx*]" = "@executable_path/../Frameworks";
				MACOSX_DEPLOYMENT_TARGET = 14.1;
				MARKETING_VERSION = 1.1;
				PRODUCT_BUNDLE_IDENTIFIER = IOI.App622;
				PRODUCT_NAME = "$(TARGET_NAME)";
				SDKROOT = auto;
				SUPPORTED_PLATFORMS = "iphoneos iphonesimulator";
				SUPPORTS_MACCATALYST = NO;
				SWIFT_EMIT_LOC_STRINGS = YES;
				SWIFT_VERSION = 5.0;
				TARGETED_DEVICE_FAMILY = 1;
			};
			name = Debug;
		};
		782FF0362C25CA3C00B1AB2F /* Release */ = {
			isa = XCBuildConfiguration;
			buildSettings = {
				ASSETCATALOG_COMPILER_APPICON_NAME = AppIcon;
				ASSETCATALOG_COMPILER_GLOBAL_ACCENT_COLOR_NAME = AccentColor;
				CODE_SIGN_ENTITLEMENTS = App622/App622.entitlements;
				CODE_SIGN_STYLE = Automatic;
				CURRENT_PROJECT_VERSION = 1;
				DEVELOPMENT_ASSET_PATHS = "\"App622/Preview Content\"";
				ENABLE_PREVIEWS = YES;
				GENERATE_INFOPLIST_FILE = YES;
				INFOPLIST_KEY_CFBundleDisplayName = "4rabet Sports.";
				"INFOPLIST_KEY_UIApplicationSceneManifest_Generation[sdk=iphoneos*]" = YES;
				"INFOPLIST_KEY_UIApplicationSceneManifest_Generation[sdk=iphonesimulator*]" = YES;
				"INFOPLIST_KEY_UIApplicationSupportsIndirectInputEvents[sdk=iphoneos*]" = YES;
				"INFOPLIST_KEY_UIApplicationSupportsIndirectInputEvents[sdk=iphonesimulator*]" = YES;
				"INFOPLIST_KEY_UILaunchScreen_Generation[sdk=iphoneos*]" = YES;
				"INFOPLIST_KEY_UILaunchScreen_Generation[sdk=iphonesimulator*]" = YES;
				INFOPLIST_KEY_UILaunchStoryboardName = "Launch Screen.storyboard";
				"INFOPLIST_KEY_UIStatusBarStyle[sdk=iphoneos*]" = UIStatusBarStyleDefault;
				"INFOPLIST_KEY_UIStatusBarStyle[sdk=iphonesimulator*]" = UIStatusBarStyleDefault;
				INFOPLIST_KEY_UISupportedInterfaceOrientations = UIInterfaceOrientationPortrait;
				INFOPLIST_KEY_UISupportedInterfaceOrientations_iPad = "UIInterfaceOrientationLandscapeLeft UIInterfaceOrientationLandscapeRight UIInterfaceOrientationPortrait UIInterfaceOrientationPortraitUpsideDown";
				IPHONEOS_DEPLOYMENT_TARGET = 14.0;
				LD_RUNPATH_SEARCH_PATHS = "@executable_path/Frameworks";
				"LD_RUNPATH_SEARCH_PATHS[sdk=macosx*]" = "@executable_path/../Frameworks";
				MACOSX_DEPLOYMENT_TARGET = 14.1;
				MARKETING_VERSION = 1.1;
				PRODUCT_BUNDLE_IDENTIFIER = IOI.App622;
				PRODUCT_NAME = "$(TARGET_NAME)";
				SDKROOT = auto;
				SUPPORTED_PLATFORMS = "iphoneos iphonesimulator";
				SUPPORTS_MACCATALYST = NO;
				SWIFT_EMIT_LOC_STRINGS = YES;
				SWIFT_VERSION = 5.0;
				TARGETED_DEVICE_FAMILY = 1;
			};
			name = Release;
		};
/* End XCBuildConfiguration section */

/* Begin XCConfigurationList section */
		782FF0202C25CA3B00B1AB2F /* Build configuration list for PBXProject "App622" */ = {
			isa = XCConfigurationList;
			buildConfigurations = (
				782FF0322C25CA3C00B1AB2F /* Debug */,
				782FF0332C25CA3C00B1AB2F /* Release */,
			);
			defaultConfigurationIsVisible = 0;
			defaultConfigurationName = Release;
		};
		782FF0342C25CA3C00B1AB2F /* Build configuration list for PBXNativeTarget "App622" */ = {
			isa = XCConfigurationList;
			buildConfigurations = (
				782FF0352C25CA3C00B1AB2F /* Debug */,
				782FF0362C25CA3C00B1AB2F /* Release */,
			);
			defaultConfigurationIsVisible = 0;
			defaultConfigurationName = Release;
		};
/* End XCConfigurationList section */

/* Begin XCRemoteSwiftPackageReference section */
		7853FCD12C3C05DC00956529 /* XCRemoteSwiftPackageReference "metrica-sdk-ios" */ = {
			isa = XCRemoteSwiftPackageReference;
			repositoryURL = "https://github.com/yandexmobile/metrica-sdk-ios.git";
			requirement = {
				kind = upToNextMajorVersion;
				minimumVersion = 4.5.2;
			};
		};
		7853FCD62C3C05E500956529 /* XCRemoteSwiftPackageReference "ApphudSDK" */ = {
			isa = XCRemoteSwiftPackageReference;
			repositoryURL = "https://github.com/apphud/ApphudSDK.git";
			requirement = {
				kind = upToNextMajorVersion;
				minimumVersion = 3.3.8;
			};
		};
/* End XCRemoteSwiftPackageReference section */

/* Begin XCSwiftPackageProductDependency section */
		7853FCD22C3C05DC00956529 /* YandexMobileMetrica */ = {
			isa = XCSwiftPackageProductDependency;
			package = 7853FCD12C3C05DC00956529 /* XCRemoteSwiftPackageReference "metrica-sdk-ios" */;
			productName = YandexMobileMetrica;
		};
		7853FCD42C3C05DC00956529 /* YandexMobileMetricaCrashes */ = {
			isa = XCSwiftPackageProductDependency;
			package = 7853FCD12C3C05DC00956529 /* XCRemoteSwiftPackageReference "metrica-sdk-ios" */;
			productName = YandexMobileMetricaCrashes;
		};
		7853FCD72C3C05E500956529 /* ApphudSDK */ = {
			isa = XCSwiftPackageProductDependency;
			package = 7853FCD62C3C05E500956529 /* XCRemoteSwiftPackageReference "ApphudSDK" */;
			productName = ApphudSDK;
		};
/* End XCSwiftPackageProductDependency section */

/* Begin XCVersionGroup section */
		782FF0522C299A1400B1AB2F /* CoreModel.xcdatamodeld */ = {
			isa = XCVersionGroup;
			children = (
				782FF0532C299A1400B1AB2F /* CoreModel.xcdatamodel */,
			);
			currentVersion = 782FF0532C299A1400B1AB2F /* CoreModel.xcdatamodel */;
			name = CoreModel.xcdatamodeld;
			path = /Users/igor/Documents/Applications/App622/App622/proj/Extensions/CoreModel.xcdatamodeld;
			sourceTree = "<group>";
			versionGroupType = wrapper.xcdatamodel;
		};
/* End XCVersionGroup section */
	};
	rootObject = 782FF01D2C25CA3B00B1AB2F /* Project object */;
}
